
Microsoft Visual Studio Solution File, Format Version 12.00
# Visual Studio Version 16
VisualStudioVersion = 16.0.30413.136
MinimumVisualStudioVersion = 10.0.40219.1
Project("{2150E333-8FDC-42A3-9474-1A3956D46DE8}") = "src", "src", "{75704F15-C563-4468-B239-B017D72037E6}"
EndProject
Project("{9A19103F-16F7-4668-BE54-9A1E7A4F7556}") = "Normas.WebAPI", "Normas.WebAPI\Normas.WebAPI.csproj", "{5C0008A6-68BF-4905-B566-3518345653DB}"
EndProject
Project("{9A19103F-16F7-4668-BE54-9A1E7A4F7556}") = "Seguranca.WebAPI", "Seguranca.WebAPI\Seguranca.WebAPI.csproj", "{31B9C166-0B6E-45BD-B1AC-F64ACF55DEDB}"
EndProject
Project("{9A19103F-16F7-4668-BE54-9A1E7A4F7556}") = "ApiGateway", "ApiGateway\ApiGateway.csproj", "{0E249D73-7AD4-4C99-86B4-87A3F287F65A}"
EndProject
Project("{2150E333-8FDC-42A3-9474-1A3956D46DE8}") = "Normas", "Normas", "{C0B072C1-9C92-4776-BE05-B3D344994DF3}"
EndProject
Project("{2150E333-8FDC-42A3-9474-1A3956D46DE8}") = "Seguranca", "Seguranca", "{5A6B4BB2-B49B-4B87-8051-D292C6EE8936}"
EndProject
Project("{2150E333-8FDC-42A3-9474-1A3956D46DE8}") = "Gateway", "Gateway", "{65AF7605-61EE-401A-BEAB-9F22B9A6FEB4}"
EndProject
Project("{2150E333-8FDC-42A3-9474-1A3956D46DE8}") = "MonitoramentoNormas", "MonitoramentoNormas", "{5476BB16-E0AE-4D92-ABC5-2944C2480D3D}"
EndProject
Project("{2150E333-8FDC-42A3-9474-1A3956D46DE8}") = "ExternoNormas", "ExternoNormas", "{FE7FA9BC-AB43-4343-BF1C-BC0961F1D2E5}"
EndProject
Project("{9A19103F-16F7-4668-BE54-9A1E7A4F7556}") = "Monitoramento.Worker", "Monitoramento.Worker\Monitoramento.Worker.csproj", "{CC043B7E-56A9-4305-A340-353AFB06DC89}"
EndProject
Project("{2150E333-8FDC-42A3-9474-1A3956D46DE8}") = "Solution Items", "Solution Items", "{4F5DB77A-3647-4E57-987A-AF6410181734}"
	ProjectSection(SolutionItems) = preProject
		.dockerignore = .dockerignore
		.gitignore = .gitignore
	EndProjectSection
EndProject
Project("{9A19103F-16F7-4668-BE54-9A1E7A4F7556}") = "NormasExternas.API", "NormasExternas.API\NormasExternas.API.csproj", "{2BF4BFEC-1293-499A-B7B1-F7E73530EAAB}"
EndProject
Global
	GlobalSection(SolutionConfigurationPlatforms) = preSolution
		Debug|Any CPU = Debug|Any CPU
		Release|Any CPU = Release|Any CPU
	EndGlobalSection
	GlobalSection(ProjectConfigurationPlatforms) = postSolution
		{5C0008A6-68BF-4905-B566-3518345653DB}.Debug|Any CPU.ActiveCfg = Debug|Any CPU
		{5C0008A6-68BF-4905-B566-3518345653DB}.Debug|Any CPU.Build.0 = Debug|Any CPU
		{5C0008A6-68BF-4905-B566-3518345653DB}.Release|Any CPU.ActiveCfg = Release|Any CPU
		{5C0008A6-68BF-4905-B566-3518345653DB}.Release|Any CPU.Build.0 = Release|Any CPU
		{31B9C166-0B6E-45BD-B1AC-F64ACF55DEDB}.Debug|Any CPU.ActiveCfg = Debug|Any CPU
		{31B9C166-0B6E-45BD-B1AC-F64ACF55DEDB}.Debug|Any CPU.Build.0 = Debug|Any CPU
		{31B9C166-0B6E-45BD-B1AC-F64ACF55DEDB}.Release|Any CPU.ActiveCfg = Release|Any CPU
		{31B9C166-0B6E-45BD-B1AC-F64ACF55DEDB}.Release|Any CPU.Build.0 = Release|Any CPU
		{0E249D73-7AD4-4C99-86B4-87A3F287F65A}.Debug|Any CPU.ActiveCfg = Debug|Any CPU
		{0E249D73-7AD4-4C99-86B4-87A3F287F65A}.Debug|Any CPU.Build.0 = Debug|Any CPU
		{0E249D73-7AD4-4C99-86B4-87A3F287F65A}.Release|Any CPU.ActiveCfg = Release|Any CPU
		{0E249D73-7AD4-4C99-86B4-87A3F287F65A}.Release|Any CPU.Build.0 = Release|Any CPU
		{CC043B7E-56A9-4305-A340-353AFB06DC89}.Debug|Any CPU.ActiveCfg = Debug|Any CPU
		{CC043B7E-56A9-4305-A340-353AFB06DC89}.Debug|Any CPU.Build.0 = Debug|Any CPU
		{CC043B7E-56A9-4305-A340-353AFB06DC89}.Release|Any CPU.ActiveCfg = Release|Any CPU
		{CC043B7E-56A9-4305-A340-353AFB06DC89}.Release|Any CPU.Build.0 = Release|Any CPU
		{2BF4BFEC-1293-499A-B7B1-F7E73530EAAB}.Debug|Any CPU.ActiveCfg = Debug|Any CPU
		{2BF4BFEC-1293-499A-B7B1-F7E73530EAAB}.Debug|Any CPU.Build.0 = Debug|Any CPU
		{2BF4BFEC-1293-499A-B7B1-F7E73530EAAB}.Release|Any CPU.ActiveCfg = Release|Any CPU
		{2BF4BFEC-1293-499A-B7B1-F7E73530EAAB}.Release|Any CPU.Build.0 = Release|Any CPU
	EndGlobalSection
	GlobalSection(SolutionProperties) = preSolution
		HideSolutionNode = FALSE
	EndGlobalSection
	GlobalSection(NestedProjects) = preSolution
		{5C0008A6-68BF-4905-B566-3518345653DB} = {C0B072C1-9C92-4776-BE05-B3D344994DF3}
		{31B9C166-0B6E-45BD-B1AC-F64ACF55DEDB} = {5A6B4BB2-B49B-4B87-8051-D292C6EE8936}
		{0E249D73-7AD4-4C99-86B4-87A3F287F65A} = {65AF7605-61EE-401A-BEAB-9F22B9A6FEB4}
		{C0B072C1-9C92-4776-BE05-B3D344994DF3} = {75704F15-C563-4468-B239-B017D72037E6}
		{5A6B4BB2-B49B-4B87-8051-D292C6EE8936} = {75704F15-C563-4468-B239-B017D72037E6}
		{65AF7605-61EE-401A-BEAB-9F22B9A6FEB4} = {75704F15-C563-4468-B239-B017D72037E6}
		{5476BB16-E0AE-4D92-ABC5-2944C2480D3D} = {75704F15-C563-4468-B239-B017D72037E6}
		{FE7FA9BC-AB43-4343-BF1C-BC0961F1D2E5} = {75704F15-C563-4468-B239-B017D72037E6}
		{CC043B7E-56A9-4305-A340-353AFB06DC89} = {5476BB16-E0AE-4D92-ABC5-2944C2480D3D}
		{2BF4BFEC-1293-499A-B7B1-F7E73530EAAB} = {FE7FA9BC-AB43-4343-BF1C-BC0961F1D2E5}
	EndGlobalSection
	GlobalSection(ExtensibilityGlobals) = postSolution
		SolutionGuid = {43D22807-8D4A-40C0-B666-6CEA2E1D3D99}
	EndGlobalSection
EndGlobal
